
Microsoft Visual Studio Solution File, Format Version 12.00
# Visual Studio 15
VisualStudioVersion = 15.0.27004.2005
MinimumVisualStudioVersion = 10.0.40219.1
Project("{E24C65DC-7377-472B-9ABA-BC803B73C61A}") = "LibCollectionOra", ".", "{A68932D4-DA71-406A-B9D9-5BAF15E8ADCF}"
	ProjectSection(WebsiteProperties) = preProject
		TargetFrameworkMoniker = ".NETFramework,Version%3Dv4.6.1"
		Debug.AspNetCompiler.VirtualPath = "/localhost_60698"
		Debug.AspNetCompiler.PhysicalPath = "..\LibCollectionOra\"
		Debug.AspNetCompiler.TargetPath = "PrecompiledWeb\localhost_60698\"
		Debug.AspNetCompiler.Updateable = "true"
		Debug.AspNetCompiler.ForceOverwrite = "true"
		Debug.AspNetCompiler.FixedNames = "false"
		Debug.AspNetCompiler.Debug = "True"
		Release.AspNetCompiler.VirtualPath = "/localhost_60698"
		Release.AspNetCompiler.PhysicalPath = "..\LibCollectionOra\"
		Release.AspNetCompiler.TargetPath = "PrecompiledWeb\localhost_60698\"
		Release.AspNetCompiler.Updateable = "true"
		Release.AspNetCompiler.ForceOverwrite = "true"
		Release.AspNetCompiler.FixedNames = "false"
		Release.AspNetCompiler.Debug = "False"
		VWDPort = "60698"
		SlnRelativePath = "..\LibCollectionOra\"
	EndProjectSection
EndProject
Global
	GlobalSection(SolutionConfigurationPlatforms) = preSolution
		Debug|Any CPU = Debug|Any CPU
		Debug|x86 = Debug|x86
		Release|Any CPU = Release|Any CPU
		Release|x86 = Release|x86
	EndGlobalSection
	GlobalSection(ProjectConfigurationPlatforms) = postSolution
		{A68932D4-DA71-406A-B9D9-5BAF15E8ADCF}.Debug|Any CPU.ActiveCfg = Debug|Any CPU
		{A68932D4-DA71-406A-B9D9-5BAF15E8ADCF}.Debug|Any CPU.Build.0 = Debug|Any CPU
		{A68932D4-DA71-406A-B9D9-5BAF15E8ADCF}.Debug|x86.ActiveCfg = Debug|Any CPU
		{A68932D4-DA71-406A-B9D9-5BAF15E8ADCF}.Debug|x86.Build.0 = Debug|Any CPU
		{A68932D4-DA71-406A-B9D9-5BAF15E8ADCF}.Release|Any CPU.ActiveCfg = Debug|Any CPU
		{A68932D4-DA71-406A-B9D9-5BAF15E8ADCF}.Release|Any CPU.Build.0 = Debug|Any CPU
		{A68932D4-DA71-406A-B9D9-5BAF15E8ADCF}.Release|x86.ActiveCfg = Debug|Any CPU
		{A68932D4-DA71-406A-B9D9-5BAF15E8ADCF}.Release|x86.Build.0 = Debug|Any CPU
	EndGlobalSection
	GlobalSection(SolutionProperties) = preSolution
		HideSolutionNode = FALSE
	EndGlobalSection
	GlobalSection(ExtensibilityGlobals) = postSolution
		SolutionGuid = {FC61EE6C-92CE-4961-86DD-9D786F32E3E3}
	EndGlobalSection
EndGlobal
